{
  "name": "frontapp-plugin-v1.0",
  "lockfileVersion": 2,
  "requires": true,
  "packages": {
    "": {
      "dependencies": {
        "@frontapp/plugin-sdk": "1.3.0"
      }
    },
    "node_modules/@frontapp/plugin-sdk": {
      "version": "1.3.0",
      "resolved": "https://registry.npmjs.org/@frontapp/plugin-sdk/-/plugin-sdk-1.3.0.tgz",
      "integrity": "sha512-bY3EJpNsE7DGYqQmsSr8NuyJhMHW2m17zbmpafg+vOHAlcYMAhVERxXDG+QaJLpfx402S3bCe5YGL2/HQ5aA3g==",
      "dependencies": {
        "@frontapp/ui-bridge": "^2.0.0-beta9",
        "cuid": "^2.1.8",
        "rxjs": "^6.5.4"
      }
    },
    "node_modules/@frontapp/ui-bridge": {
      "version": "2.0.0-beta9",
      "resolved": "https://registry.npmjs.org/@frontapp/ui-bridge/-/ui-bridge-2.0.0-beta9.tgz",
      "integrity": "sha512-wRrr5MKoMIGmQ/aciksFM/tIi/r6fmmXRO7ZRDPx28iYaFwcd2Rum/3j3nASR2yqfqsLuaKAtd2JsXSLNW9b8w==",
      "dependencies": {
        "io-ts": "^2.1.0",
        "rxjs": "^6.5.3"
      }
    },
    "node_modules/cuid": {
      "version": "2.1.8",
      "resolved": "https://registry.npmjs.org/cuid/-/cuid-2.1.8.tgz",
      "integrity": "sha512-xiEMER6E7TlTPnDxrM4eRiC6TRgjNX9xzEZ5U/Se2YJKr7Mq4pJn/2XEHjl3STcSh96GmkHPcBXLES8M29wyyg=="
    },
    "node_modules/fp-ts": {
      "version": "2.13.1",
      "resolved": "https://registry.npmjs.org/fp-ts/-/fp-ts-2.13.1.tgz",
      "integrity": "sha512-0eu5ULPS2c/jsa1lGFneEFFEdTbembJv8e4QKXeVJ3lm/5hyve06dlKZrpxmMwJt6rYen7sxmHHK2CLaXvWuWQ==",
      "peer": true
    },
    "node_modules/io-ts": {
      "version": "2.2.19",
      "resolved": "https://registry.npmjs.org/io-ts/-/io-ts-2.2.19.tgz",
      "integrity": "sha512-ED0GQwvKRr5C2jqOOJCkuJW2clnbzqFexQ8V7Qsb+VB36S1Mk/OKH7k0FjSe4mjKy9qBRA3OqgVGyFMUEKIubw==",
      "peerDependencies": {
        "fp-ts": "^2.5.0"
      }
    },
    "node_modules/rxjs": {
      "version": "6.6.7",
      "resolved": "https://registry.npmjs.org/rxjs/-/rxjs-6.6.7.tgz",
      "integrity": "sha512-hTdwr+7yYNIT5n4AMYp85KA6yw2Va0FLa3Rguvbpa4W3I5xynaBZo41cM3XM+4Q6fRMj3sBYIR1VAmZMXYJvRQ==",
      "dependencies": {
        "tslib": "^1.9.0"
      },
      "engines": {
        "npm": ">=2.0.0"
      }
    },
    "node_modules/tslib": {
      "version": "1.14.1",
      "resolved": "https://registry.npmjs.org/tslib/-/tslib-1.14.1.tgz",
      "integrity": "sha512-Xni35NKzjgMrwevysHTCArtLDpPvye8zV/0E4EyYn43P7/7qvQwPh9BGkHewbMulVntbigmcT7rdX3BNo9wRJg=="
    }
  },
  "dependencies": {
    "@frontapp/plugin-sdk": {
      "version": "1.3.0",
      "resolved": "https://registry.npmjs.org/@frontapp/plugin-sdk/-/plugin-sdk-1.3.0.tgz",
      "integrity": "sha512-bY3EJpNsE7DGYqQmsSr8NuyJhMHW2m17zbmpafg+vOHAlcYMAhVERxXDG+QaJLpfx402S3bCe5YGL2/HQ5aA3g==",
      "requires": {
        "@frontapp/ui-bridge": "^2.0.0-beta9",
        "cuid": "^2.1.8",
        "rxjs": "^6.5.4"
      }
    },
    "@frontapp/ui-bridge": {
      "version": "2.0.0-beta9",
      "resolved": "https://registry.npmjs.org/@frontapp/ui-bridge/-/ui-bridge-2.0.0-beta9.tgz",
      "integrity": "sha512-wRrr5MKoMIGmQ/aciksFM/tIi/r6fmmXRO7ZRDPx28iYaFwcd2Rum/3j3nASR2yqfqsLuaKAtd2JsXSLNW9b8w==",
      "requires": {
        "io-ts": "^2.1.0",
        "rxjs": "^6.5.3"
      }
    },
    "cuid": {
      "version": "2.1.8",
      "resolved": "https://registry.npmjs.org/cuid/-/cuid-2.1.8.tgz",
      "integrity": "sha512-xiEMER6E7TlTPnDxrM4eRiC6TRgjNX9xzEZ5U/Se2YJKr7Mq4pJn/2XEHjl3STcSh96GmkHPcBXLES8M29wyyg=="
    },
    "fp-ts": {
      "version": "2.13.1",
      "resolved": "https://registry.npmjs.org/fp-ts/-/fp-ts-2.13.1.tgz",
      "integrity": "sha512-0eu5ULPS2c/jsa1lGFneEFFEdTbembJv8e4QKXeVJ3lm/5hyve06dlKZrpxmMwJt6rYen7sxmHHK2CLaXvWuWQ==",
      "peer": true
    },
    "io-ts": {
      "version": "2.2.19",
      "resolved": "https://registry.npmjs.org/io-ts/-/io-ts-2.2.19.tgz",
      "integrity": "sha512-ED0GQwvKRr5C2jqOOJCkuJW2clnbzqFexQ8V7Qsb+VB36S1Mk/OKH7k0FjSe4mjKy9qBRA3OqgVGyFMUEKIubw==",
      "requires": {}
    },
    "rxjs": {
      "version": "6.6.7",
      "resolved": "https://registry.npmjs.org/rxjs/-/rxjs-6.6.7.tgz",
      "integrity": "sha512-hTdwr+7yYNIT5n4AMYp85KA6yw2Va0FLa3Rguvbpa4W3I5xynaBZo41cM3XM+4Q6fRMj3sBYIR1VAmZMXYJvRQ==",
      "requires": {
        "tslib": "^1.9.0"
      }
    },
    "tslib": {
      "version": "1.14.1",
      "resolved": "https://registry.npmjs.org/tslib/-/tslib-1.14.1.tgz",
      "integrity": "sha512-Xni35NKzjgMrwevysHTCArtLDpPvye8zV/0E4EyYn43P7/7qvQwPh9BGkHewbMulVntbigmcT7rdX3BNo9wRJg=="
    }
  }
}
